{
  "name": "kirsch-shell",
  "lockfileVersion": 3,
  "requires": true,
  "packages": {
    "": {
      "name": "kirsch-shell",
      "devDependencies": {
        "@catppuccin/palette": "^1.7.1",
        "prettier": "3.4.2"
      }
    },
    "node_modules/@catppuccin/palette": {
      "version": "1.7.1",
      "resolved": "https://registry.npmjs.org/@catppuccin/palette/-/palette-1.7.1.tgz",
      "integrity": "sha512-aRc1tbzrevOTV7nFTT9SRdF26w/MIwT4Jwt4fDMc9itRZUDXCuEDBLyz4TQMlqO9ZP8mf5Hu4Jr6D03NLFc6Gw==",
      "dev": true,
      "funding": [
        {
          "type": "opencollective",
          "url": "https://opencollective.com/catppuccin"
        },
        {
          "type": "github",
          "url": "https://github.com/sponsors/catppuccin"
        }
      ],
      "license": "MIT"
    },
    "node_modules/prettier": {
      "version": "3.4.2",
      "resolved": "https://registry.npmjs.org/prettier/-/prettier-3.4.2.tgz",
      "integrity": "sha512-e9MewbtFo+Fevyuxn/4rrcDAaq0IYxPGLvObpQjiZBMAzB9IGmzlnG9RZy3FFas+eBMu2vA0CszMeduow5dIuQ==",
      "dev": true,
      "license": "MIT",
      "bin": {
        "prettier": "bin/prettier.cjs"
      },
      "engines": {
        "node": ">=14"
      },
      "funding": {
        "url": "https://github.com/prettier/prettier?sponsor=1"
      }
    }
  }
}
